
Microsoft Visual Studio Solution File, Format Version 12.00
# Visual Studio Version 17
VisualStudioVersion = 17.12.35527.113
MinimumVisualStudioVersion = 10.0.40219.1
Project("{FAE04EC0-301F-11D3-BF4B-00C04F79EFBC}") = "CPSAppData", "CPSAppData.csproj", "{50E2E8BC-0D40-4010-9726-FCAC8F8C446A}"
EndProject
Global
	GlobalSection(SolutionConfigurationPlatforms) = preSolution
		Debug|Any CPU = Debug|Any CPU
		Release|Any CPU = Release|Any CPU
	EndGlobalSection
	GlobalSection(ProjectConfigurationPlatforms) = postSolution
		{50E2E8BC-0D40-4010-9726-FCAC8F8C446A}.Debug|Any CPU.ActiveCfg = Debug|Any CPU
		{50E2E8BC-0D40-4010-9726-FCAC8F8C446A}.Debug|Any CPU.Build.0 = Debug|Any CPU
		{50E2E8BC-0D40-4010-9726-FCAC8F8C446A}.Release|Any CPU.ActiveCfg = Release|Any CPU
		{50E2E8BC-0D40-4010-9726-FCAC8F8C446A}.Release|Any CPU.Build.0 = Release|Any CPU
	EndGlobalSection
	GlobalSection(SolutionProperties) = preSolution
		HideSolutionNode = FALSE
	EndGlobalSection
EndGlobal
